
Microsoft Visual Studio Solution File, Format Version 12.00
# Visual Studio Version 17
VisualStudioVersion = 17.9.34723.18
MinimumVisualStudioVersion = 10.0.40219.1
Project("{FAE04EC0-301F-11D3-BF4B-00C04F79EFBC}") = "yankan", "yankan\yankan.csproj", "{B6466093-1579-478E-9692-9017861547E9}"
EndProject
Global
	GlobalSection(SolutionConfigurationPlatforms) = preSolution
		Debug|Any CPU = Debug|Any CPU
		Release|Any CPU = Release|Any CPU
	EndGlobalSection
	GlobalSection(ProjectConfigurationPlatforms) = postSolution
		{B6466093-1579-478E-9692-9017861547E9}.Debug|Any CPU.ActiveCfg = Debug|Any CPU
		{B6466093-1579-478E-9692-9017861547E9}.Debug|Any CPU.Build.0 = Debug|Any CPU
		{B6466093-1579-478E-9692-9017861547E9}.Release|Any CPU.ActiveCfg = Release|Any CPU
		{B6466093-1579-478E-9692-9017861547E9}.Release|Any CPU.Build.0 = Release|Any CPU
	EndGlobalSection
	GlobalSection(SolutionProperties) = preSolution
		HideSolutionNode = FALSE
	EndGlobalSection
	GlobalSection(ExtensibilityGlobals) = postSolution
		SolutionGuid = {B7B99AF5-EB0E-4418-B059-D73AE9B54AC4}
	EndGlobalSection
EndGlobal
